
Microsoft Visual Studio Solution File, Format Version 12.00
# Visual Studio Version 17
VisualStudioVersion = 17.0.32112.339
MinimumVisualStudioVersion = 10.0.40219.1
Project("{9A19103F-16F7-4668-BE54-9A1E7A4F7556}") = "Demo01_HelloWorld", "Demo01_HelloWorld\Demo01_HelloWorld.csproj", "{9BE5B631-3F9D-4A3D-9693-17483018EA86}"
EndProject
Project("{9A19103F-16F7-4668-BE54-9A1E7A4F7556}") = "Demo02_DataTypes", "Demo02_DataTypes\Demo02_DataTypes.csproj", "{B78693B8-1123-4080-BDA8-48F1090A51AA}"
EndProject
Project("{9A19103F-16F7-4668-BE54-9A1E7A4F7556}") = "Demo03_MethodParameters", "Demo03_MethodParameters\Demo03_MethodParameters.csproj", "{EF450E63-3794-43E6-ABA4-440950A84ED5}"
EndProject
Project("{9A19103F-16F7-4668-BE54-9A1E7A4F7556}") = "Demo04_TypeMembers", "Demo04_TypeMembers\Demo04_TypeMembers.csproj", "{C1164F10-4FBE-4E38-A652-35463B903BA0}"
EndProject
Project("{9A19103F-16F7-4668-BE54-9A1E7A4F7556}") = "Assignment01", "Assignment01\Assignment01.csproj", "{62B10059-3AD5-4EE1-942B-C6192263C4FD}"
EndProject
Project("{9A19103F-16F7-4668-BE54-9A1E7A4F7556}") = "Demo05_Array", "Demo05_Array\Demo05_Array.csproj", "{C303C7B4-9CC9-44CB-A39E-703C2DDF803E}"
EndProject
Project("{9A19103F-16F7-4668-BE54-9A1E7A4F7556}") = "Demo06_MethodOverloading", "Demo06_MethodOverloading\Demo06_MethodOverloading.csproj", "{5DC1255A-7980-46A3-966C-0A0A262C6854}"
EndProject
Project("{9A19103F-16F7-4668-BE54-9A1E7A4F7556}") = "Demo07_MethodOverriding", "Demo07_MethodOverriding\Demo07_MethodOverriding.csproj", "{AB4920CB-C84F-42E3-9017-70C588508A59}"
EndProject
Project("{9A19103F-16F7-4668-BE54-9A1E7A4F7556}") = "Demo08_Constructors", "Demo08_Constructors\Demo08_Constructors.csproj", "{FAD3E802-9823-4F94-A1D3-576A718DCBF2}"
EndProject
Project("{9A19103F-16F7-4668-BE54-9A1E7A4F7556}") = "Demo09_StatePattern", "Demo09_StatePattern\Demo09_StatePattern.csproj", "{85A68FF8-5408-428F-92D8-14DD0A93EB78}"
EndProject
Project("{9A19103F-16F7-4668-BE54-9A1E7A4F7556}") = "Demo10_Indexer", "Demo10_Indexer\Demo10_Indexer.csproj", "{578B6FBF-B889-43F0-AE53-632B37D782EE}"
EndProject
Project("{9A19103F-16F7-4668-BE54-9A1E7A4F7556}") = "Demo11_Interface", "Demo11_Interface\Demo11_Interface.csproj", "{EE811F10-7184-480B-8283-ECC3B625CE5E}"
EndProject
Project("{9A19103F-16F7-4668-BE54-9A1E7A4F7556}") = "Assignment02", "Assignment02\Assignment02.csproj", "{DB67CF25-8CE3-4C02-AC13-B1ECBE5B8178}"
EndProject
Project("{9A19103F-16F7-4668-BE54-9A1E7A4F7556}") = "Demo12_Interface_Extending", "Demo12_Interface_Extending\Demo12_Interface_Extending.csproj", "{34FAEF5C-3EEA-4D68-A80F-3FFE4E3DE3C8}"
EndProject
Project("{9A19103F-16F7-4668-BE54-9A1E7A4F7556}") = "Demo13_IEnumerator", "Demo13_IEnumerator\Demo13_IEnumerator.csproj", "{8BC0EF31-B615-43BA-948F-00056D5C7CDF}"
EndProject
Project("{9A19103F-16F7-4668-BE54-9A1E7A4F7556}") = "Demo14_IEnumerable", "Demo14_IEnumerable\Demo14_IEnumerable.csproj", "{E8AD4266-7F65-4A6F-8347-0A4BB6184211}"
EndProject
Project("{9A19103F-16F7-4668-BE54-9A1E7A4F7556}") = "Demo15_IComparable", "Demo15_IComparable\Demo15_IComparable.csproj", "{8E049F49-7F61-4933-BD58-6C68DB5C23B7}"
EndProject
Project("{9A19103F-16F7-4668-BE54-9A1E7A4F7556}") = "Demo16_Delegate", "Demo16_Delegate\Demo16_Delegate.csproj", "{96F76148-22C7-4D94-8FE3-CA2439857EE6}"
EndProject
Project("{9A19103F-16F7-4668-BE54-9A1E7A4F7556}") = "Demo17_MultiCastDelegate", "Demo17_MultiCastDelegate\Demo17_MultiCastDelegate.csproj", "{27BF6355-6887-44A1-BB93-2590AD0766D1}"
EndProject
Project("{9A19103F-16F7-4668-BE54-9A1E7A4F7556}") = "Demo18_Generics", "Demo18_Generics\Demo18_Generics.csproj", "{1956590A-A87A-48DC-8914-1FD352E0C911}"
EndProject
Project("{9A19103F-16F7-4668-BE54-9A1E7A4F7556}") = "Demo19_ExtensionMethods", "Demo19_ExtensionMethods\Demo19_ExtensionMethods.csproj", "{793FC193-7213-4E2F-99BD-F04259F1915A}"
EndProject
Project("{9A19103F-16F7-4668-BE54-9A1E7A4F7556}") = "Demo20_AnonymousType", "Demo20_AnonymousType\Demo20_AnonymousType.csproj", "{6DEC300B-09D7-437E-9252-ECC394AF2460}"
EndProject
Project("{9A19103F-16F7-4668-BE54-9A1E7A4F7556}") = "Demo21_AnonymousMethod", "Demo21_AnonymousMethod\Demo21_AnonymousMethod.csproj", "{E2B76106-1EBC-4152-B1AC-72F928553CF2}"
EndProject
Project("{9A19103F-16F7-4668-BE54-9A1E7A4F7556}") = "Demo22_LINQ", "Demo22_LINQ\Demo22_LINQ.csproj", "{23EF9A79-48E8-4BDF-8B5F-F629498FB05D}"
EndProject
Project("{9A19103F-16F7-4668-BE54-9A1E7A4F7556}") = "Demo23_WebApp", "Demo23_WebApp\Demo23_WebApp.csproj", "{252705A5-D6FD-44B6-868F-6BBC593B2CFB}"
EndProject
Project("{FAE04EC0-301F-11D3-BF4B-00C04F79EFBC}") = "Demo24_Threads", "Demo24_Threads\Demo24_Threads.csproj", "{23ADE7CE-A017-4C2E-8F43-3A0CB84CCF4F}"
EndProject
Project("{FAE04EC0-301F-11D3-BF4B-00C04F79EFBC}") = "Demo25_Parallel", "Demo25_Parallel\Demo25_Parallel.csproj", "{52FDD5AA-7AD0-4D31-9A05-499605752C58}"
EndProject
Project("{FAE04EC0-301F-11D3-BF4B-00C04F79EFBC}") = "Demo26_Task", "Demo26_Task\Demo26_Task.csproj", "{B8856A0F-0E0A-4B79-9479-DB7B3D04C69F}"
EndProject
Project("{FAE04EC0-301F-11D3-BF4B-00C04F79EFBC}") = "Demo27_Task_AsyncAwait", "Demo27_Task_AsyncAwait\Demo27_Task_AsyncAwait.csproj", "{13E25356-5C10-4EC7-97EA-A8E9DA3A5E35}"
EndProject
Global
	GlobalSection(SolutionConfigurationPlatforms) = preSolution
		Debug|Any CPU = Debug|Any CPU
		Release|Any CPU = Release|Any CPU
	EndGlobalSection
	GlobalSection(ProjectConfigurationPlatforms) = postSolution
		{9BE5B631-3F9D-4A3D-9693-17483018EA86}.Debug|Any CPU.ActiveCfg = Debug|Any CPU
		{9BE5B631-3F9D-4A3D-9693-17483018EA86}.Debug|Any CPU.Build.0 = Debug|Any CPU
		{9BE5B631-3F9D-4A3D-9693-17483018EA86}.Release|Any CPU.ActiveCfg = Release|Any CPU
		{9BE5B631-3F9D-4A3D-9693-17483018EA86}.Release|Any CPU.Build.0 = Release|Any CPU
		{B78693B8-1123-4080-BDA8-48F1090A51AA}.Debug|Any CPU.ActiveCfg = Debug|Any CPU
		{B78693B8-1123-4080-BDA8-48F1090A51AA}.Debug|Any CPU.Build.0 = Debug|Any CPU
		{B78693B8-1123-4080-BDA8-48F1090A51AA}.Release|Any CPU.ActiveCfg = Release|Any CPU
		{B78693B8-1123-4080-BDA8-48F1090A51AA}.Release|Any CPU.Build.0 = Release|Any CPU
		{EF450E63-3794-43E6-ABA4-440950A84ED5}.Debug|Any CPU.ActiveCfg = Debug|Any CPU
		{EF450E63-3794-43E6-ABA4-440950A84ED5}.Debug|Any CPU.Build.0 = Debug|Any CPU
		{EF450E63-3794-43E6-ABA4-440950A84ED5}.Release|Any CPU.ActiveCfg = Release|Any CPU
		{EF450E63-3794-43E6-ABA4-440950A84ED5}.Release|Any CPU.Build.0 = Release|Any CPU
		{C1164F10-4FBE-4E38-A652-35463B903BA0}.Debug|Any CPU.ActiveCfg = Debug|Any CPU
		{C1164F10-4FBE-4E38-A652-35463B903BA0}.Debug|Any CPU.Build.0 = Debug|Any CPU
		{C1164F10-4FBE-4E38-A652-35463B903BA0}.Release|Any CPU.ActiveCfg = Release|Any CPU
		{C1164F10-4FBE-4E38-A652-35463B903BA0}.Release|Any CPU.Build.0 = Release|Any CPU
		{62B10059-3AD5-4EE1-942B-C6192263C4FD}.Debug|Any CPU.ActiveCfg = Debug|Any CPU
		{62B10059-3AD5-4EE1-942B-C6192263C4FD}.Debug|Any CPU.Build.0 = Debug|Any CPU
		{62B10059-3AD5-4EE1-942B-C6192263C4FD}.Release|Any CPU.ActiveCfg = Release|Any CPU
		{62B10059-3AD5-4EE1-942B-C6192263C4FD}.Release|Any CPU.Build.0 = Release|Any CPU
		{C303C7B4-9CC9-44CB-A39E-703C2DDF803E}.Debug|Any CPU.ActiveCfg = Debug|Any CPU
		{C303C7B4-9CC9-44CB-A39E-703C2DDF803E}.Debug|Any CPU.Build.0 = Debug|Any CPU
		{C303C7B4-9CC9-44CB-A39E-703C2DDF803E}.Release|Any CPU.ActiveCfg = Release|Any CPU
		{C303C7B4-9CC9-44CB-A39E-703C2DDF803E}.Release|Any CPU.Build.0 = Release|Any CPU
		{5DC1255A-7980-46A3-966C-0A0A262C6854}.Debug|Any CPU.ActiveCfg = Debug|Any CPU
		{5DC1255A-7980-46A3-966C-0A0A262C6854}.Debug|Any CPU.Build.0 = Debug|Any CPU
		{5DC1255A-7980-46A3-966C-0A0A262C6854}.Release|Any CPU.ActiveCfg = Release|Any CPU
		{5DC1255A-7980-46A3-966C-0A0A262C6854}.Release|Any CPU.Build.0 = Release|Any CPU
		{AB4920CB-C84F-42E3-9017-70C588508A59}.Debug|Any CPU.ActiveCfg = Debug|Any CPU
		{AB4920CB-C84F-42E3-9017-70C588508A59}.Debug|Any CPU.Build.0 = Debug|Any CPU
		{AB4920CB-C84F-42E3-9017-70C588508A59}.Release|Any CPU.ActiveCfg = Release|Any CPU
		{AB4920CB-C84F-42E3-9017-70C588508A59}.Release|Any CPU.Build.0 = Release|Any CPU
		{FAD3E802-9823-4F94-A1D3-576A718DCBF2}.Debug|Any CPU.ActiveCfg = Debug|Any CPU
		{FAD3E802-9823-4F94-A1D3-576A718DCBF2}.Debug|Any CPU.Build.0 = Debug|Any CPU
		{FAD3E802-9823-4F94-A1D3-576A718DCBF2}.Release|Any CPU.ActiveCfg = Release|Any CPU
		{FAD3E802-9823-4F94-A1D3-576A718DCBF2}.Release|Any CPU.Build.0 = Release|Any CPU
		{85A68FF8-5408-428F-92D8-14DD0A93EB78}.Debug|Any CPU.ActiveCfg = Debug|Any CPU
		{85A68FF8-5408-428F-92D8-14DD0A93EB78}.Debug|Any CPU.Build.0 = Debug|Any CPU
		{85A68FF8-5408-428F-92D8-14DD0A93EB78}.Release|Any CPU.ActiveCfg = Release|Any CPU
		{85A68FF8-5408-428F-92D8-14DD0A93EB78}.Release|Any CPU.Build.0 = Release|Any CPU
		{578B6FBF-B889-43F0-AE53-632B37D782EE}.Debug|Any CPU.ActiveCfg = Debug|Any CPU
		{578B6FBF-B889-43F0-AE53-632B37D782EE}.Debug|Any CPU.Build.0 = Debug|Any CPU
		{578B6FBF-B889-43F0-AE53-632B37D782EE}.Release|Any CPU.ActiveCfg = Release|Any CPU
		{578B6FBF-B889-43F0-AE53-632B37D782EE}.Release|Any CPU.Build.0 = Release|Any CPU
		{EE811F10-7184-480B-8283-ECC3B625CE5E}.Debug|Any CPU.ActiveCfg = Debug|Any CPU
		{EE811F10-7184-480B-8283-ECC3B625CE5E}.Debug|Any CPU.Build.0 = Debug|Any CPU
		{EE811F10-7184-480B-8283-ECC3B625CE5E}.Release|Any CPU.ActiveCfg = Release|Any CPU
		{EE811F10-7184-480B-8283-ECC3B625CE5E}.Release|Any CPU.Build.0 = Release|Any CPU
		{DB67CF25-8CE3-4C02-AC13-B1ECBE5B8178}.Debug|Any CPU.ActiveCfg = Debug|Any CPU
		{DB67CF25-8CE3-4C02-AC13-B1ECBE5B8178}.Debug|Any CPU.Build.0 = Debug|Any CPU
		{DB67CF25-8CE3-4C02-AC13-B1ECBE5B8178}.Release|Any CPU.ActiveCfg = Release|Any CPU
		{DB67CF25-8CE3-4C02-AC13-B1ECBE5B8178}.Release|Any CPU.Build.0 = Release|Any CPU
		{34FAEF5C-3EEA-4D68-A80F-3FFE4E3DE3C8}.Debug|Any CPU.ActiveCfg = Debug|Any CPU
		{34FAEF5C-3EEA-4D68-A80F-3FFE4E3DE3C8}.Debug|Any CPU.Build.0 = Debug|Any CPU
		{34FAEF5C-3EEA-4D68-A80F-3FFE4E3DE3C8}.Release|Any CPU.ActiveCfg = Release|Any CPU
		{34FAEF5C-3EEA-4D68-A80F-3FFE4E3DE3C8}.Release|Any CPU.Build.0 = Release|Any CPU
		{8BC0EF31-B615-43BA-948F-00056D5C7CDF}.Debug|Any CPU.ActiveCfg = Debug|Any CPU
		{8BC0EF31-B615-43BA-948F-00056D5C7CDF}.Debug|Any CPU.Build.0 = Debug|Any CPU
		{8BC0EF31-B615-43BA-948F-00056D5C7CDF}.Release|Any CPU.ActiveCfg = Release|Any CPU
		{8BC0EF31-B615-43BA-948F-00056D5C7CDF}.Release|Any CPU.Build.0 = Release|Any CPU
		{E8AD4266-7F65-4A6F-8347-0A4BB6184211}.Debug|Any CPU.ActiveCfg = Debug|Any CPU
		{E8AD4266-7F65-4A6F-8347-0A4BB6184211}.Debug|Any CPU.Build.0 = Debug|Any CPU
		{E8AD4266-7F65-4A6F-8347-0A4BB6184211}.Release|Any CPU.ActiveCfg = Release|Any CPU
		{E8AD4266-7F65-4A6F-8347-0A4BB6184211}.Release|Any CPU.Build.0 = Release|Any CPU
		{8E049F49-7F61-4933-BD58-6C68DB5C23B7}.Debug|Any CPU.ActiveCfg = Debug|Any CPU
		{8E049F49-7F61-4933-BD58-6C68DB5C23B7}.Debug|Any CPU.Build.0 = Debug|Any CPU
		{8E049F49-7F61-4933-BD58-6C68DB5C23B7}.Release|Any CPU.ActiveCfg = Release|Any CPU
		{8E049F49-7F61-4933-BD58-6C68DB5C23B7}.Release|Any CPU.Build.0 = Release|Any CPU
		{96F76148-22C7-4D94-8FE3-CA2439857EE6}.Debug|Any CPU.ActiveCfg = Debug|Any CPU
		{96F76148-22C7-4D94-8FE3-CA2439857EE6}.Debug|Any CPU.Build.0 = Debug|Any CPU
		{96F76148-22C7-4D94-8FE3-CA2439857EE6}.Release|Any CPU.ActiveCfg = Release|Any CPU
		{96F76148-22C7-4D94-8FE3-CA2439857EE6}.Release|Any CPU.Build.0 = Release|Any CPU
		{27BF6355-6887-44A1-BB93-2590AD0766D1}.Debug|Any CPU.ActiveCfg = Debug|Any CPU
		{27BF6355-6887-44A1-BB93-2590AD0766D1}.Debug|Any CPU.Build.0 = Debug|Any CPU
		{27BF6355-6887-44A1-BB93-2590AD0766D1}.Release|Any CPU.ActiveCfg = Release|Any CPU
		{27BF6355-6887-44A1-BB93-2590AD0766D1}.Release|Any CPU.Build.0 = Release|Any CPU
		{1956590A-A87A-48DC-8914-1FD352E0C911}.Debug|Any CPU.ActiveCfg = Debug|Any CPU
		{1956590A-A87A-48DC-8914-1FD352E0C911}.Debug|Any CPU.Build.0 = Debug|Any CPU
		{1956590A-A87A-48DC-8914-1FD352E0C911}.Release|Any CPU.ActiveCfg = Release|Any CPU
		{1956590A-A87A-48DC-8914-1FD352E0C911}.Release|Any CPU.Build.0 = Release|Any CPU
		{793FC193-7213-4E2F-99BD-F04259F1915A}.Debug|Any CPU.ActiveCfg = Debug|Any CPU
		{793FC193-7213-4E2F-99BD-F04259F1915A}.Debug|Any CPU.Build.0 = Debug|Any CPU
		{793FC193-7213-4E2F-99BD-F04259F1915A}.Release|Any CPU.ActiveCfg = Release|Any CPU
		{793FC193-7213-4E2F-99BD-F04259F1915A}.Release|Any CPU.Build.0 = Release|Any CPU
		{6DEC300B-09D7-437E-9252-ECC394AF2460}.Debug|Any CPU.ActiveCfg = Debug|Any CPU
		{6DEC300B-09D7-437E-9252-ECC394AF2460}.Debug|Any CPU.Build.0 = Debug|Any CPU
		{6DEC300B-09D7-437E-9252-ECC394AF2460}.Release|Any CPU.ActiveCfg = Release|Any CPU
		{6DEC300B-09D7-437E-9252-ECC394AF2460}.Release|Any CPU.Build.0 = Release|Any CPU
		{E2B76106-1EBC-4152-B1AC-72F928553CF2}.Debug|Any CPU.ActiveCfg = Debug|Any CPU
		{E2B76106-1EBC-4152-B1AC-72F928553CF2}.Debug|Any CPU.Build.0 = Debug|Any CPU
		{E2B76106-1EBC-4152-B1AC-72F928553CF2}.Release|Any CPU.ActiveCfg = Release|Any CPU
		{E2B76106-1EBC-4152-B1AC-72F928553CF2}.Release|Any CPU.Build.0 = Release|Any CPU
		{23EF9A79-48E8-4BDF-8B5F-F629498FB05D}.Debug|Any CPU.ActiveCfg = Debug|Any CPU
		{23EF9A79-48E8-4BDF-8B5F-F629498FB05D}.Debug|Any CPU.Build.0 = Debug|Any CPU
		{23EF9A79-48E8-4BDF-8B5F-F629498FB05D}.Release|Any CPU.ActiveCfg = Release|Any CPU
		{23EF9A79-48E8-4BDF-8B5F-F629498FB05D}.Release|Any CPU.Build.0 = Release|Any CPU
		{252705A5-D6FD-44B6-868F-6BBC593B2CFB}.Debug|Any CPU.ActiveCfg = Debug|Any CPU
		{252705A5-D6FD-44B6-868F-6BBC593B2CFB}.Debug|Any CPU.Build.0 = Debug|Any CPU
		{252705A5-D6FD-44B6-868F-6BBC593B2CFB}.Release|Any CPU.ActiveCfg = Release|Any CPU
		{252705A5-D6FD-44B6-868F-6BBC593B2CFB}.Release|Any CPU.Build.0 = Release|Any CPU
		{23ADE7CE-A017-4C2E-8F43-3A0CB84CCF4F}.Debug|Any CPU.ActiveCfg = Debug|Any CPU
		{23ADE7CE-A017-4C2E-8F43-3A0CB84CCF4F}.Debug|Any CPU.Build.0 = Debug|Any CPU
		{23ADE7CE-A017-4C2E-8F43-3A0CB84CCF4F}.Release|Any CPU.ActiveCfg = Release|Any CPU
		{23ADE7CE-A017-4C2E-8F43-3A0CB84CCF4F}.Release|Any CPU.Build.0 = Release|Any CPU
		{52FDD5AA-7AD0-4D31-9A05-499605752C58}.Debug|Any CPU.ActiveCfg = Debug|Any CPU
		{52FDD5AA-7AD0-4D31-9A05-499605752C58}.Debug|Any CPU.Build.0 = Debug|Any CPU
		{52FDD5AA-7AD0-4D31-9A05-499605752C58}.Release|Any CPU.ActiveCfg = Release|Any CPU
		{52FDD5AA-7AD0-4D31-9A05-499605752C58}.Release|Any CPU.Build.0 = Release|Any CPU
		{B8856A0F-0E0A-4B79-9479-DB7B3D04C69F}.Debug|Any CPU.ActiveCfg = Debug|Any CPU
		{B8856A0F-0E0A-4B79-9479-DB7B3D04C69F}.Debug|Any CPU.Build.0 = Debug|Any CPU
		{B8856A0F-0E0A-4B79-9479-DB7B3D04C69F}.Release|Any CPU.ActiveCfg = Release|Any CPU
		{B8856A0F-0E0A-4B79-9479-DB7B3D04C69F}.Release|Any CPU.Build.0 = Release|Any CPU
		{13E25356-5C10-4EC7-97EA-A8E9DA3A5E35}.Debug|Any CPU.ActiveCfg = Debug|Any CPU
		{13E25356-5C10-4EC7-97EA-A8E9DA3A5E35}.Debug|Any CPU.Build.0 = Debug|Any CPU
		{13E25356-5C10-4EC7-97EA-A8E9DA3A5E35}.Release|Any CPU.ActiveCfg = Release|Any CPU
		{13E25356-5C10-4EC7-97EA-A8E9DA3A5E35}.Release|Any CPU.Build.0 = Release|Any CPU
	EndGlobalSection
	GlobalSection(SolutionProperties) = preSolution
		HideSolutionNode = FALSE
	EndGlobalSection
	GlobalSection(ExtensibilityGlobals) = postSolution
		SolutionGuid = {369FA00F-9CFC-460F-8982-88AB98ECBC11}
	EndGlobalSection
EndGlobal
